# This file is automatically @generated by Cargo.
# It is not intended for manual editing.
version = 4

[[package]]
name = "cmd-linux"
version = "0.1.0"
dependencies = [
 "domain",
 "ext-linux",
]

[[package]]
name = "domain"
version = "0.1.0"

[[package]]
name = "ext-linux"
version = "0.1.0"
dependencies = [
 "domain",
]
